{
  "name": "Website",
  "lockfileVersion": 2,
  "requires": true,
  "packages": {
    "": {
      "dependencies": {
        "dat.gui": "^0.7.9",
        "lil-gui": "^0.18.0"
      }
    },
    "node_modules/dat.gui": {
      "version": "0.7.9",
      "resolved": "https://registry.npmjs.org/dat.gui/-/dat.gui-0.7.9.tgz",
      "integrity": "sha512-sCNc1OHobc+Erc1HqiswYgHdVNpSJUlk/Hz8vzOCsER7rl+oF/4+v8GXFUyCgtXpoCX6+bnmg07DedLvBLwYKQ=="
    },
    "node_modules/lil-gui": {
      "version": "0.18.0",
      "resolved": "https://registry.npmjs.org/lil-gui/-/lil-gui-0.18.0.tgz",
      "integrity": "sha512-9Zt0oW8KDy8mT8QTXTjAEmNT9Je9KLoCWUYiJD5DaB6eHoZ3hQYGt2JRJbCUHcvYgpwgcTHtzS9JFmN37vGyzw=="
    }
  },
  "dependencies": {
    "dat.gui": {
      "version": "0.7.9",
      "resolved": "https://registry.npmjs.org/dat.gui/-/dat.gui-0.7.9.tgz",
      "integrity": "sha512-sCNc1OHobc+Erc1HqiswYgHdVNpSJUlk/Hz8vzOCsER7rl+oF/4+v8GXFUyCgtXpoCX6+bnmg07DedLvBLwYKQ=="
    },
    "lil-gui": {
      "version": "0.18.0",
      "resolved": "https://registry.npmjs.org/lil-gui/-/lil-gui-0.18.0.tgz",
      "integrity": "sha512-9Zt0oW8KDy8mT8QTXTjAEmNT9Je9KLoCWUYiJD5DaB6eHoZ3hQYGt2JRJbCUHcvYgpwgcTHtzS9JFmN37vGyzw=="
    }
  }
}
